{
    "_meta": {
        "hash": {
            "sha256": "9da40fdec80241703ee7b86b667075b8092f75dac365acd3ee77ec007394ca94"
        },
        "pipfile-spec": 6,
        "requires": {
            "python_version": "3.6"
        },
        "sources": [
            {
                "name": "pypi",
                "url": "https://pypi.org/simple",
                "verify_ssl": true
            }
        ]
    },
    "default": {},
    "develop": {
        "v": {
            "hashes": [
                "sha256:c2d77319519fc8b48bafd0677a9117d2717d266fa8a7512ad2158a6a40b31c01"
            ],
            "index": "pypi",
            "version": "==4.0.0"
        }
    }
}
